
Microsoft Visual Studio Solution File, Format Version 12.00
# Visual Studio Version 17
VisualStudioVersion = 17.7.34009.444
MinimumVisualStudioVersion = 10.0.40219.1
Project("{FAE04EC0-301F-11D3-BF4B-00C04F79EFBC}") = "Server_Shopping_cart", "Server_Shopping_cart.csproj", "{5574AD16-B7F2-40E7-A5D8-EE18A73883CC}"
EndProject
Global
	GlobalSection(SolutionConfigurationPlatforms) = preSolution
		Debug|Any CPU = Debug|Any CPU
		Release|Any CPU = Release|Any CPU
	EndGlobalSection
	GlobalSection(ProjectConfigurationPlatforms) = postSolution
		{5574AD16-B7F2-40E7-A5D8-EE18A73883CC}.Debug|Any CPU.ActiveCfg = Debug|Any CPU
		{5574AD16-B7F2-40E7-A5D8-EE18A73883CC}.Debug|Any CPU.Build.0 = Debug|Any CPU
		{5574AD16-B7F2-40E7-A5D8-EE18A73883CC}.Release|Any CPU.ActiveCfg = Release|Any CPU
		{5574AD16-B7F2-40E7-A5D8-EE18A73883CC}.Release|Any CPU.Build.0 = Release|Any CPU
	EndGlobalSection
	GlobalSection(SolutionProperties) = preSolution
		HideSolutionNode = FALSE
	EndGlobalSection
	GlobalSection(ExtensibilityGlobals) = postSolution
		SolutionGuid = {95171424-A988-4E57-BFF0-6FF52DD5DE99}
	EndGlobalSection
EndGlobal
